// !$*UTF8*$!
{
	archiveVersion = 1;
	classes = {
	};
	objectVersion = 56;
	objects = {

/* Begin PBXBuildFile section */
		8E1B926029DACBF00097C9ED /* ExpressServiceDelegate.swift in Sources */ = {isa = PBXBuildFile; fileRef = 8E1B925F29DACBF00097C9ED /* ExpressServiceDelegate.swift */; };
		8E1B926229DACEAF0097C9ED /* ExpressService+Stream.swift in Sources */ = {isa = PBXBuildFile; fileRef = 8E1B926129DACEAF0097C9ED /* ExpressService+Stream.swift */; };
		8E1B926429DACEE00097C9ED /* ExpressService+Device.swift in Sources */ = {isa = PBXBuildFile; fileRef = 8E1B926329DACEE00097C9ED /* ExpressService+Device.swift */; };
		8E1B926629DAD0160097C9ED /* ExpressService+Room.swift in Sources */ = {isa = PBXBuildFile; fileRef = 8E1B926529DAD0160097C9ED /* ExpressService+Room.swift */; };
		8E1B926829DAD2CF0097C9ED /* ExpressService+EventHandler.swift in Sources */ = {isa = PBXBuildFile; fileRef = 8E1B926729DAD2CF0097C9ED /* ExpressService+EventHandler.swift */; };
		8E1B926B29DBD1260097C9ED /* VideoView.swift in Sources */ = {isa = PBXBuildFile; fileRef = 8E1B926A29DBD1250097C9ED /* VideoView.swift */; };
		8E1B928D29DE64510097C9ED /* ExpressService+Command.swift in Sources */ = {isa = PBXBuildFile; fileRef = 8E1B928C29DE64510097C9ED /* ExpressService+Command.swift */; };
		8E1B928F29DE6D900097C9ED /* Dictionary+Extension.swift in Sources */ = {isa = PBXBuildFile; fileRef = 8E1B928E29DE6D900097C9ED /* Dictionary+Extension.swift */; };
		8E1B929129DE6FEC0097C9ED /* ExpressDefine.swift in Sources */ = {isa = PBXBuildFile; fileRef = 8E1B929029DE6FEC0097C9ED /* ExpressDefine.swift */; };
		8E1B929429DE70A20097C9ED /* CustomCommand.swift in Sources */ = {isa = PBXBuildFile; fileRef = 8E1B929329DE70A20097C9ED /* CustomCommand.swift */; };
		8E1B929729DEB4E10097C9ED /* Toast in Frameworks */ = {isa = PBXBuildFile; productRef = 8E1B929629DEB4E10097C9ED /* Toast */; };
		8E318D7029D573D4001596F3 /* AppDelegate.swift in Sources */ = {isa = PBXBuildFile; fileRef = 8E318D6F29D573D4001596F3 /* AppDelegate.swift */; };
		8E318D7229D573D4001596F3 /* SceneDelegate.swift in Sources */ = {isa = PBXBuildFile; fileRef = 8E318D7129D573D4001596F3 /* SceneDelegate.swift */; };
		8E318D7429D573D4001596F3 /* LoginViewController.swift in Sources */ = {isa = PBXBuildFile; fileRef = 8E318D7329D573D4001596F3 /* LoginViewController.swift */; };
		8E318D7729D573D4001596F3 /* Main.storyboard in Resources */ = {isa = PBXBuildFile; fileRef = 8E318D7529D573D4001596F3 /* Main.storyboard */; };
		8E318D7929D573D5001596F3 /* Assets.xcassets in Resources */ = {isa = PBXBuildFile; fileRef = 8E318D7829D573D5001596F3 /* Assets.xcassets */; };
		8E318D7C29D573D5001596F3 /* LaunchScreen.storyboard in Resources */ = {isa = PBXBuildFile; fileRef = 8E318D7A29D573D5001596F3 /* LaunchScreen.storyboard */; };
		8E318D8829D576AB001596F3 /* ZegoExpressEngine in Frameworks */ = {isa = PBXBuildFile; productRef = 8E318D8729D576AB001596F3 /* ZegoExpressEngine */; };
		8E318D8A29D5802F001596F3 /* Utils.swift in Sources */ = {isa = PBXBuildFile; fileRef = 8E318D8929D5802F001596F3 /* Utils.swift */; };
		8E318D8C29D586D6001596F3 /* HomeViewController.swift in Sources */ = {isa = PBXBuildFile; fileRef = 8E318D8B29D586D6001596F3 /* HomeViewController.swift */; };
		8E318D8E29D681FC001596F3 /* KeyCenter.swift in Sources */ = {isa = PBXBuildFile; fileRef = 8E318D8D29D681FC001596F3 /* KeyCenter.swift */; };
		8EAE31F029D6898E00305045 /* LiveStreamingViewController.swift in Sources */ = {isa = PBXBuildFile; fileRef = 8EAE31EF29D6898E00305045 /* LiveStreamingViewController.swift */; };
		8EAE31F229D6C3F800305045 /* ZegoSDKManager.swift in Sources */ = {isa = PBXBuildFile; fileRef = 8EAE31F129D6C3F800305045 /* ZegoSDKManager.swift */; };
		8EAE31F629D6C58700305045 /* ExpressService.swift in Sources */ = {isa = PBXBuildFile; fileRef = 8EAE31F529D6C58700305045 /* ExpressService.swift */; };
		8EAE31F929D6D78000305045 /* UserInfo.swift in Sources */ = {isa = PBXBuildFile; fileRef = 8EAE31F829D6D78000305045 /* UserInfo.swift */; };
/* End PBXBuildFile section */

/* Begin PBXFileReference section */
		8E1B925F29DACBF00097C9ED /* ExpressServiceDelegate.swift */ = {isa = PBXFileReference; lastKnownFileType = sourcecode.swift; path = ExpressServiceDelegate.swift; sourceTree = "<group>"; };
		8E1B926129DACEAF0097C9ED /* ExpressService+Stream.swift */ = {isa = PBXFileReference; lastKnownFileType = sourcecode.swift; path = "ExpressService+Stream.swift"; sourceTree = "<group>"; };
		8E1B926329DACEE00097C9ED /* ExpressService+Device.swift */ = {isa = PBXFileReference; lastKnownFileType = sourcecode.swift; path = "ExpressService+Device.swift"; sourceTree = "<group>"; };
		8E1B926529DAD0160097C9ED /* ExpressService+Room.swift */ = {isa = PBXFileReference; lastKnownFileType = sourcecode.swift; path = "ExpressService+Room.swift"; sourceTree = "<group>"; };
		8E1B926729DAD2CF0097C9ED /* ExpressService+EventHandler.swift */ = {isa = PBXFileReference; lastKnownFileType = sourcecode.swift; path = "ExpressService+EventHandler.swift"; sourceTree = "<group>"; };
		8E1B926A29DBD1250097C9ED /* VideoView.swift */ = {isa = PBXFileReference; lastKnownFileType = sourcecode.swift; path = VideoView.swift; sourceTree = "<group>"; };
		8E1B928C29DE64510097C9ED /* ExpressService+Command.swift */ = {isa = PBXFileReference; lastKnownFileType = sourcecode.swift; path = "ExpressService+Command.swift"; sourceTree = "<group>"; };
		8E1B928E29DE6D900097C9ED /* Dictionary+Extension.swift */ = {isa = PBXFileReference; fileEncoding = 4; lastKnownFileType = sourcecode.swift; path = "Dictionary+Extension.swift"; sourceTree = "<group>"; };
		8E1B929029DE6FEC0097C9ED /* ExpressDefine.swift */ = {isa = PBXFileReference; lastKnownFileType = sourcecode.swift; path = ExpressDefine.swift; sourceTree = "<group>"; };
		8E1B929329DE70A20097C9ED /* CustomCommand.swift */ = {isa = PBXFileReference; lastKnownFileType = sourcecode.swift; path = CustomCommand.swift; sourceTree = "<group>"; };
		8E318D6C29D573D4001596F3 /* ZegoLiveStreamingCohostingDemo.app */ = {isa = PBXFileReference; explicitFileType = wrapper.application; includeInIndex = 0; path = ZegoLiveStreamingCohostingDemo.app; sourceTree = BUILT_PRODUCTS_DIR; };
		8E318D6F29D573D4001596F3 /* AppDelegate.swift */ = {isa = PBXFileReference; lastKnownFileType = sourcecode.swift; path = AppDelegate.swift; sourceTree = "<group>"; };
		8E318D7129D573D4001596F3 /* SceneDelegate.swift */ = {isa = PBXFileReference; lastKnownFileType = sourcecode.swift; path = SceneDelegate.swift; sourceTree = "<group>"; };
		8E318D7329D573D4001596F3 /* LoginViewController.swift */ = {isa = PBXFileReference; lastKnownFileType = sourcecode.swift; path = LoginViewController.swift; sourceTree = "<group>"; };
		8E318D7629D573D4001596F3 /* Base */ = {isa = PBXFileReference; lastKnownFileType = file.storyboard; name = Base; path = Base.lproj/Main.storyboard; sourceTree = "<group>"; };
		8E318D7829D573D5001596F3 /* Assets.xcassets */ = {isa = PBXFileReference; lastKnownFileType = folder.assetcatalog; path = Assets.xcassets; sourceTree = "<group>"; };
		8E318D7B29D573D5001596F3 /* Base */ = {isa = PBXFileReference; lastKnownFileType = file.storyboard; name = Base; path = Base.lproj/LaunchScreen.storyboard; sourceTree = "<group>"; };
		8E318D7D29D573D5001596F3 /* Info.plist */ = {isa = PBXFileReference; lastKnownFileType = text.plist.xml; path = Info.plist; sourceTree = "<group>"; };
		8E318D8929D5802F001596F3 /* Utils.swift */ = {isa = PBXFileReference; fileEncoding = 4; lastKnownFileType = sourcecode.swift; path = Utils.swift; sourceTree = "<group>"; };
		8E318D8B29D586D6001596F3 /* HomeViewController.swift */ = {isa = PBXFileReference; lastKnownFileType = sourcecode.swift; path = HomeViewController.swift; sourceTree = "<group>"; };
		8E318D8D29D681FC001596F3 /* KeyCenter.swift */ = {isa = PBXFileReference; lastKnownFileType = sourcecode.swift; path = KeyCenter.swift; sourceTree = "<group>"; };
		8EAE31EF29D6898E00305045 /* LiveStreamingViewController.swift */ = {isa = PBXFileReference; lastKnownFileType = sourcecode.swift; path = LiveStreamingViewController.swift; sourceTree = "<group>"; };
		8EAE31F129D6C3F800305045 /* ZegoSDKManager.swift */ = {isa = PBXFileReference; lastKnownFileType = sourcecode.swift; path = ZegoSDKManager.swift; sourceTree = "<group>"; };
		8EAE31F529D6C58700305045 /* ExpressService.swift */ = {isa = PBXFileReference; lastKnownFileType = sourcecode.swift; path = ExpressService.swift; sourceTree = "<group>"; };
		8EAE31F829D6D78000305045 /* UserInfo.swift */ = {isa = PBXFileReference; lastKnownFileType = sourcecode.swift; path = UserInfo.swift; sourceTree = "<group>"; };
/* End PBXFileReference section */

/* Begin PBXFrameworksBuildPhase section */
		8E318D6929D573D4001596F3 /* Frameworks */ = {
			isa = PBXFrameworksBuildPhase;
			buildActionMask = 2147483647;
			files = (
				8E1B929729DEB4E10097C9ED /* Toast in Frameworks */,
				8E318D8829D576AB001596F3 /* ZegoExpressEngine in Frameworks */,
			);
			runOnlyForDeploymentPostprocessing = 0;
		};
/* End PBXFrameworksBuildPhase section */

/* Begin PBXGroup section */
		8E1B926929DBD1030097C9ED /* Components */ = {
			isa = PBXGroup;
			children = (
				8E1B926A29DBD1250097C9ED /* VideoView.swift */,
			);
			path = Components;
			sourceTree = "<group>";
		};
		8E1B929229DE707E0097C9ED /* Defines */ = {
			isa = PBXGroup;
			children = (
				8E1B925F29DACBF00097C9ED /* ExpressServiceDelegate.swift */,
				8EAE31F829D6D78000305045 /* UserInfo.swift */,
				8E1B929029DE6FEC0097C9ED /* ExpressDefine.swift */,
				8E1B929329DE70A20097C9ED /* CustomCommand.swift */,
			);
			path = Defines;
			sourceTree = "<group>";
		};
		8E318D6329D573D4001596F3 = {
			isa = PBXGroup;
			children = (
				8E318D6E29D573D4001596F3 /* ZegoLiveStreamingCohostingDemo */,
				8E318D6D29D573D4001596F3 /* Products */,
			);
			sourceTree = "<group>";
		};
		8E318D6D29D573D4001596F3 /* Products */ = {
			isa = PBXGroup;
			children = (
				8E318D6C29D573D4001596F3 /* ZegoLiveStreamingCohostingDemo.app */,
			);
			name = Products;
			sourceTree = "<group>";
		};
		8E318D6E29D573D4001596F3 /* ZegoLiveStreamingCohostingDemo */ = {
			isa = PBXGroup;
			children = (
				8E1B926929DBD1030097C9ED /* Components */,
				8EAE31F429D6C41800305045 /* Express */,
				8EAE31F329D6C40900305045 /* Utils */,
				8EAE31F129D6C3F800305045 /* ZegoSDKManager.swift */,
				8E318D6F29D573D4001596F3 /* AppDelegate.swift */,
				8E318D7129D573D4001596F3 /* SceneDelegate.swift */,
				8E318D8D29D681FC001596F3 /* KeyCenter.swift */,
				8E318D7329D573D4001596F3 /* LoginViewController.swift */,
				8E318D8B29D586D6001596F3 /* HomeViewController.swift */,
				8EAE31EF29D6898E00305045 /* LiveStreamingViewController.swift */,
				8E318D7529D573D4001596F3 /* Main.storyboard */,
				8E318D7829D573D5001596F3 /* Assets.xcassets */,
				8E318D7A29D573D5001596F3 /* LaunchScreen.storyboard */,
				8E318D7D29D573D5001596F3 /* Info.plist */,
			);
			path = ZegoLiveStreamingCohostingDemo;
			sourceTree = "<group>";
		};
		8EAE31F329D6C40900305045 /* Utils */ = {
			isa = PBXGroup;
			children = (
				8E318D8929D5802F001596F3 /* Utils.swift */,
				8E1B928E29DE6D900097C9ED /* Dictionary+Extension.swift */,
			);
			path = Utils;
			sourceTree = "<group>";
		};
		8EAE31F429D6C41800305045 /* Express */ = {
			isa = PBXGroup;
			children = (
				8E1B929229DE707E0097C9ED /* Defines */,
				8EAE31F529D6C58700305045 /* ExpressService.swift */,
				8E1B926129DACEAF0097C9ED /* ExpressService+Stream.swift */,
				8E1B926329DACEE00097C9ED /* ExpressService+Device.swift */,
				8E1B926529DAD0160097C9ED /* ExpressService+Room.swift */,
				8E1B928C29DE64510097C9ED /* ExpressService+Command.swift */,
				8E1B926729DAD2CF0097C9ED /* ExpressService+EventHandler.swift */,
			);
			path = Express;
			sourceTree = "<group>";
		};
/* End PBXGroup section */

/* Begin PBXNativeTarget section */
		8E318D6B29D573D4001596F3 /* ZegoLiveStreamingCohostingDemo */ = {
			isa = PBXNativeTarget;
			buildConfigurationList = 8E318D8029D573D5001596F3 /* Build configuration list for PBXNativeTarget "ZegoLiveStreamingCohostingDemo" */;
			buildPhases = (
				8E318D6829D573D4001596F3 /* Sources */,
				8E318D6929D573D4001596F3 /* Frameworks */,
				8E318D6A29D573D4001596F3 /* Resources */,
			);
			buildRules = (
			);
			dependencies = (
			);
			name = ZegoLiveStreamingCohostingDemo;
			packageProductDependencies = (
				8E318D8729D576AB001596F3 /* ZegoExpressEngine */,
				8E1B929629DEB4E10097C9ED /* Toast */,
			);
			productName = ZegoLiveStreamingCohostingDemo;
			productReference = 8E318D6C29D573D4001596F3 /* ZegoLiveStreamingCohostingDemo.app */;
			productType = "com.apple.product-type.application";
		};
/* End PBXNativeTarget section */

/* Begin PBXProject section */
		8E318D6429D573D4001596F3 /* Project object */ = {
			isa = PBXProject;
			attributes = {
				BuildIndependentTargetsInParallel = 1;
				LastSwiftUpdateCheck = 1420;
				LastUpgradeCheck = 1420;
				TargetAttributes = {
					8E318D6B29D573D4001596F3 = {
						CreatedOnToolsVersion = 14.2;
					};
				};
			};
			buildConfigurationList = 8E318D6729D573D4001596F3 /* Build configuration list for PBXProject "ZegoLiveStreamingCohostingDemo" */;
			compatibilityVersion = "Xcode 14.0";
			developmentRegion = en;
			hasScannedForEncodings = 0;
			knownRegions = (
				en,
				Base,
			);
			mainGroup = 8E318D6329D573D4001596F3;
			packageReferences = (
				8E318D8629D576AB001596F3 /* XCRemoteSwiftPackageReference "express-video-ios" */,
				8E1B929529DEB4E10097C9ED /* XCRemoteSwiftPackageReference "Toast-Swift" */,
			);
			productRefGroup = 8E318D6D29D573D4001596F3 /* Products */;
			projectDirPath = "";
			projectRoot = "";
			targets = (
				8E318D6B29D573D4001596F3 /* ZegoLiveStreamingCohostingDemo */,
			);
		};
/* End PBXProject section */

/* Begin PBXResourcesBuildPhase section */
		8E318D6A29D573D4001596F3 /* Resources */ = {
			isa = PBXResourcesBuildPhase;
			buildActionMask = 2147483647;
			files = (
				8E318D7C29D573D5001596F3 /* LaunchScreen.storyboard in Resources */,
				8E318D7929D573D5001596F3 /* Assets.xcassets in Resources */,
				8E318D7729D573D4001596F3 /* Main.storyboard in Resources */,
			);
			runOnlyForDeploymentPostprocessing = 0;
		};
/* End PBXResourcesBuildPhase section */

/* Begin PBXSourcesBuildPhase section */
		8E318D6829D573D4001596F3 /* Sources */ = {
			isa = PBXSourcesBuildPhase;
			buildActionMask = 2147483647;
			files = (
				8E318D8C29D586D6001596F3 /* HomeViewController.swift in Sources */,
				8E1B926629DAD0160097C9ED /* ExpressService+Room.swift in Sources */,
				8E1B926829DAD2CF0097C9ED /* ExpressService+EventHandler.swift in Sources */,
				8EAE31F229D6C3F800305045 /* ZegoSDKManager.swift in Sources */,
				8E318D7429D573D4001596F3 /* LoginViewController.swift in Sources */,
				8EAE31F029D6898E00305045 /* LiveStreamingViewController.swift in Sources */,
				8E1B926229DACEAF0097C9ED /* ExpressService+Stream.swift in Sources */,
				8E318D7029D573D4001596F3 /* AppDelegate.swift in Sources */,
				8E1B926029DACBF00097C9ED /* ExpressServiceDelegate.swift in Sources */,
				8E318D7229D573D4001596F3 /* SceneDelegate.swift in Sources */,
				8E1B926429DACEE00097C9ED /* ExpressService+Device.swift in Sources */,
				8EAE31F629D6C58700305045 /* ExpressService.swift in Sources */,
				8E1B926B29DBD1260097C9ED /* VideoView.swift in Sources */,
				8E318D8E29D681FC001596F3 /* KeyCenter.swift in Sources */,
				8E1B929129DE6FEC0097C9ED /* ExpressDefine.swift in Sources */,
				8EAE31F929D6D78000305045 /* UserInfo.swift in Sources */,
				8E1B929429DE70A20097C9ED /* CustomCommand.swift in Sources */,
				8E1B928F29DE6D900097C9ED /* Dictionary+Extension.swift in Sources */,
				8E318D8A29D5802F001596F3 /* Utils.swift in Sources */,
				8E1B928D29DE64510097C9ED /* ExpressService+Command.swift in Sources */,
			);
			runOnlyForDeploymentPostprocessing = 0;
		};
/* End PBXSourcesBuildPhase section */

/* Begin PBXVariantGroup section */
		8E318D7529D573D4001596F3 /* Main.storyboard */ = {
			isa = PBXVariantGroup;
			children = (
				8E318D7629D573D4001596F3 /* Base */,
			);
			name = Main.storyboard;
			sourceTree = "<group>";
		};
		8E318D7A29D573D5001596F3 /* LaunchScreen.storyboard */ = {
			isa = PBXVariantGroup;
			children = (
				8E318D7B29D573D5001596F3 /* Base */,
			);
			name = LaunchScreen.storyboard;
			sourceTree = "<group>";
		};
/* End PBXVariantGroup section */

/* Begin XCBuildConfiguration section */
		8E318D7E29D573D5001596F3 /* Debug */ = {
			isa = XCBuildConfiguration;
			buildSettings = {
				ALWAYS_SEARCH_USER_PATHS = NO;
				CLANG_ANALYZER_NONNULL = YES;
				CLANG_ANALYZER_NUMBER_OBJECT_CONVERSION = YES_AGGRESSIVE;
				CLANG_CXX_LANGUAGE_STANDARD = "gnu++20";
				CLANG_ENABLE_MODULES = YES;
				CLANG_ENABLE_OBJC_ARC = YES;
				CLANG_ENABLE_OBJC_WEAK = YES;
				CLANG_WARN_BLOCK_CAPTURE_AUTORELEASING = YES;
				CLANG_WARN_BOOL_CONVERSION = YES;
				CLANG_WARN_COMMA = YES;
				CLANG_WARN_CONSTANT_CONVERSION = YES;
				CLANG_WARN_DEPRECATED_OBJC_IMPLEMENTATIONS = YES;
				CLANG_WARN_DIRECT_OBJC_ISA_USAGE = YES_ERROR;
				CLANG_WARN_DOCUMENTATION_COMMENTS = YES;
				CLANG_WARN_EMPTY_BODY = YES;
				CLANG_WARN_ENUM_CONVERSION = YES;
				CLANG_WARN_INFINITE_RECURSION = YES;
				CLANG_WARN_INT_CONVERSION = YES;
				CLANG_WARN_NON_LITERAL_NULL_CONVERSION = YES;
				CLANG_WARN_OBJC_IMPLICIT_RETAIN_SELF = YES;
				CLANG_WARN_OBJC_LITERAL_CONVERSION = YES;
				CLANG_WARN_OBJC_ROOT_CLASS = YES_ERROR;
				CLANG_WARN_QUOTED_INCLUDE_IN_FRAMEWORK_HEADER = YES;
				CLANG_WARN_RANGE_LOOP_ANALYSIS = YES;
				CLANG_WARN_STRICT_PROTOTYPES = YES;
				CLANG_WARN_SUSPICIOUS_MOVE = YES;
				CLANG_WARN_UNGUARDED_AVAILABILITY = YES_AGGRESSIVE;
				CLANG_WARN_UNREACHABLE_CODE = YES;
				CLANG_WARN__DUPLICATE_METHOD_MATCH = YES;
				COPY_PHASE_STRIP = NO;
				DEBUG_INFORMATION_FORMAT = dwarf;
				ENABLE_STRICT_OBJC_MSGSEND = YES;
				ENABLE_TESTABILITY = YES;
				GCC_C_LANGUAGE_STANDARD = gnu11;
				GCC_DYNAMIC_NO_PIC = NO;
				GCC_NO_COMMON_BLOCKS = YES;
				GCC_OPTIMIZATION_LEVEL = 0;
				GCC_PREPROCESSOR_DEFINITIONS = (
					"DEBUG=1",
					"$(inherited)",
				);
				GCC_WARN_64_TO_32_BIT_CONVERSION = YES;
				GCC_WARN_ABOUT_RETURN_TYPE = YES_ERROR;
				GCC_WARN_UNDECLARED_SELECTOR = YES;
				GCC_WARN_UNINITIALIZED_AUTOS = YES_AGGRESSIVE;
				GCC_WARN_UNUSED_FUNCTION = YES;
				GCC_WARN_UNUSED_VARIABLE = YES;
				IPHONEOS_DEPLOYMENT_TARGET = 16.2;
				MTL_ENABLE_DEBUG_INFO = INCLUDE_SOURCE;
				MTL_FAST_MATH = YES;
				ONLY_ACTIVE_ARCH = YES;
				SDKROOT = iphoneos;
				SWIFT_ACTIVE_COMPILATION_CONDITIONS = DEBUG;
				SWIFT_OPTIMIZATION_LEVEL = "-Onone";
			};
			name = Debug;
		};
		8E318D7F29D573D5001596F3 /* Release */ = {
			isa = XCBuildConfiguration;
			buildSettings = {
				ALWAYS_SEARCH_USER_PATHS = NO;
				CLANG_ANALYZER_NONNULL = YES;
				CLANG_ANALYZER_NUMBER_OBJECT_CONVERSION = YES_AGGRESSIVE;
				CLANG_CXX_LANGUAGE_STANDARD = "gnu++20";
				CLANG_ENABLE_MODULES = YES;
				CLANG_ENABLE_OBJC_ARC = YES;
				CLANG_ENABLE_OBJC_WEAK = YES;
				CLANG_WARN_BLOCK_CAPTURE_AUTORELEASING = YES;
				CLANG_WARN_BOOL_CONVERSION = YES;
				CLANG_WARN_COMMA = YES;
				CLANG_WARN_CONSTANT_CONVERSION = YES;
				CLANG_WARN_DEPRECATED_OBJC_IMPLEMENTATIONS = YES;
				CLANG_WARN_DIRECT_OBJC_ISA_USAGE = YES_ERROR;
				CLANG_WARN_DOCUMENTATION_COMMENTS = YES;
				CLANG_WARN_EMPTY_BODY = YES;
				CLANG_WARN_ENUM_CONVERSION = YES;
				CLANG_WARN_INFINITE_RECURSION = YES;
				CLANG_WARN_INT_CONVERSION = YES;
				CLANG_WARN_NON_LITERAL_NULL_CONVERSION = YES;
				CLANG_WARN_OBJC_IMPLICIT_RETAIN_SELF = YES;
				CLANG_WARN_OBJC_LITERAL_CONVERSION = YES;
				CLANG_WARN_OBJC_ROOT_CLASS = YES_ERROR;
				CLANG_WARN_QUOTED_INCLUDE_IN_FRAMEWORK_HEADER = YES;
				CLANG_WARN_RANGE_LOOP_ANALYSIS = YES;
				CLANG_WARN_STRICT_PROTOTYPES = YES;
				CLANG_WARN_SUSPICIOUS_MOVE = YES;
				CLANG_WARN_UNGUARDED_AVAILABILITY = YES_AGGRESSIVE;
				CLANG_WARN_UNREACHABLE_CODE = YES;
				CLANG_WARN__DUPLICATE_METHOD_MATCH = YES;
				COPY_PHASE_STRIP = NO;
				DEBUG_INFORMATION_FORMAT = "dwarf-with-dsym";
				ENABLE_NS_ASSERTIONS = NO;
				ENABLE_STRICT_OBJC_MSGSEND = YES;
				GCC_C_LANGUAGE_STANDARD = gnu11;
				GCC_NO_COMMON_BLOCKS = YES;
				GCC_WARN_64_TO_32_BIT_CONVERSION = YES;
				GCC_WARN_ABOUT_RETURN_TYPE = YES_ERROR;
				GCC_WARN_UNDECLARED_SELECTOR = YES;
				GCC_WARN_UNINITIALIZED_AUTOS = YES_AGGRESSIVE;
				GCC_WARN_UNUSED_FUNCTION = YES;
				GCC_WARN_UNUSED_VARIABLE = YES;
				IPHONEOS_DEPLOYMENT_TARGET = 16.2;
				MTL_ENABLE_DEBUG_INFO = NO;
				MTL_FAST_MATH = YES;
				SDKROOT = iphoneos;
				SWIFT_COMPILATION_MODE = wholemodule;
				SWIFT_OPTIMIZATION_LEVEL = "-O";
				VALIDATE_PRODUCT = YES;
			};
			name = Release;
		};
		8E318D8129D573D5001596F3 /* Debug */ = {
			isa = XCBuildConfiguration;
			buildSettings = {
				ASSETCATALOG_COMPILER_APPICON_NAME = AppIcon;
				ASSETCATALOG_COMPILER_GLOBAL_ACCENT_COLOR_NAME = AccentColor;
				CODE_SIGN_STYLE = Automatic;
				CURRENT_PROJECT_VERSION = 1;
				DEVELOPMENT_TEAM = PN83KX5U85;
				GENERATE_INFOPLIST_FILE = YES;
				INFOPLIST_FILE = ZegoLiveStreamingCohostingDemo/Info.plist;
				INFOPLIST_KEY_NSCameraUsageDescription = "We need to use your camera to help you join the live interaction.";
				INFOPLIST_KEY_NSMicrophoneUsageDescription = "We need to use your mic to help you join the live interaction.";
				INFOPLIST_KEY_UIApplicationSupportsIndirectInputEvents = YES;
				INFOPLIST_KEY_UILaunchStoryboardName = LaunchScreen;
				INFOPLIST_KEY_UIMainStoryboardFile = Main;
				INFOPLIST_KEY_UISupportedInterfaceOrientations_iPad = "UIInterfaceOrientationPortrait UIInterfaceOrientationPortraitUpsideDown UIInterfaceOrientationLandscapeLeft UIInterfaceOrientationLandscapeRight";
				INFOPLIST_KEY_UISupportedInterfaceOrientations_iPhone = "UIInterfaceOrientationPortrait UIInterfaceOrientationLandscapeLeft UIInterfaceOrientationLandscapeRight";
				IPHONEOS_DEPLOYMENT_TARGET = 14.0;
				LD_RUNPATH_SEARCH_PATHS = (
					"$(inherited)",
					"@executable_path/Frameworks",
				);
				MARKETING_VERSION = 1.0;
				PRODUCT_BUNDLE_IDENTIFIER = com.zegocloud.ZegoLiveStreamingCohostingDemo;
				PRODUCT_NAME = "$(TARGET_NAME)";
				SWIFT_EMIT_LOC_STRINGS = YES;
				SWIFT_VERSION = 5.0;
				TARGETED_DEVICE_FAMILY = "1,2";
			};
			name = Debug;
		};
		8E318D8229D573D5001596F3 /* Release */ = {
			isa = XCBuildConfiguration;
			buildSettings = {
				ASSETCATALOG_COMPILER_APPICON_NAME = AppIcon;
				ASSETCATALOG_COMPILER_GLOBAL_ACCENT_COLOR_NAME = AccentColor;
				CODE_SIGN_STYLE = Automatic;
				CURRENT_PROJECT_VERSION = 1;
				DEVELOPMENT_TEAM = PN83KX5U85;
				GENERATE_INFOPLIST_FILE = YES;
				INFOPLIST_FILE = ZegoLiveStreamingCohostingDemo/Info.plist;
				INFOPLIST_KEY_NSCameraUsageDescription = "We need to use your camera to help you join the live interaction.";
				INFOPLIST_KEY_NSMicrophoneUsageDescription = "We need to use your mic to help you join the live interaction.";
				INFOPLIST_KEY_UIApplicationSupportsIndirectInputEvents = YES;
				INFOPLIST_KEY_UILaunchStoryboardName = LaunchScreen;
				INFOPLIST_KEY_UIMainStoryboardFile = Main;
				INFOPLIST_KEY_UISupportedInterfaceOrientations_iPad = "UIInterfaceOrientationPortrait UIInterfaceOrientationPortraitUpsideDown UIInterfaceOrientationLandscapeLeft UIInterfaceOrientationLandscapeRight";
				INFOPLIST_KEY_UISupportedInterfaceOrientations_iPhone = "UIInterfaceOrientationPortrait UIInterfaceOrientationLandscapeLeft UIInterfaceOrientationLandscapeRight";
				IPHONEOS_DEPLOYMENT_TARGET = 14.0;
				LD_RUNPATH_SEARCH_PATHS = (
					"$(inherited)",
					"@executable_path/Frameworks",
				);
				MARKETING_VERSION = 1.0;
				PRODUCT_BUNDLE_IDENTIFIER = com.zegocloud.ZegoLiveStreamingCohostingDemo;
				PRODUCT_NAME = "$(TARGET_NAME)";
				SWIFT_EMIT_LOC_STRINGS = YES;
				SWIFT_VERSION = 5.0;
				TARGETED_DEVICE_FAMILY = "1,2";
			};
			name = Release;
		};
/* End XCBuildConfiguration section */

/* Begin XCConfigurationList section */
		8E318D6729D573D4001596F3 /* Build configuration list for PBXProject "ZegoLiveStreamingCohostingDemo" */ = {
			isa = XCConfigurationList;
			buildConfigurations = (
				8E318D7E29D573D5001596F3 /* Debug */,
				8E318D7F29D573D5001596F3 /* Release */,
			);
			defaultConfigurationIsVisible = 0;
			defaultConfigurationName = Release;
		};
		8E318D8029D573D5001596F3 /* Build configuration list for PBXNativeTarget "ZegoLiveStreamingCohostingDemo" */ = {
			isa = XCConfigurationList;
			buildConfigurations = (
				8E318D8129D573D5001596F3 /* Debug */,
				8E318D8229D573D5001596F3 /* Release */,
			);
			defaultConfigurationIsVisible = 0;
			defaultConfigurationName = Release;
		};
/* End XCConfigurationList section */

/* Begin XCRemoteSwiftPackageReference section */
		8E1B929529DEB4E10097C9ED /* XCRemoteSwiftPackageReference "Toast-Swift" */ = {
			isa = XCRemoteSwiftPackageReference;
			repositoryURL = "https://github.com/scalessec/Toast-Swift";
			requirement = {
				kind = upToNextMajorVersion;
				minimumVersion = 5.0.0;
			};
		};
		8E318D8629D576AB001596F3 /* XCRemoteSwiftPackageReference "express-video-ios" */ = {
			isa = XCRemoteSwiftPackageReference;
			repositoryURL = "https://github.com/zegolibrary/express-video-ios";
			requirement = {
				kind = upToNextMajorVersion;
				minimumVersion = 3.3.0;
			};
		};
/* End XCRemoteSwiftPackageReference section */

/* Begin XCSwiftPackageProductDependency section */
		8E1B929629DEB4E10097C9ED /* Toast */ = {
			isa = XCSwiftPackageProductDependency;
			package = 8E1B929529DEB4E10097C9ED /* XCRemoteSwiftPackageReference "Toast-Swift" */;
			productName = Toast;
		};
		8E318D8729D576AB001596F3 /* ZegoExpressEngine */ = {
			isa = XCSwiftPackageProductDependency;
			package = 8E318D8629D576AB001596F3 /* XCRemoteSwiftPackageReference "express-video-ios" */;
			productName = ZegoExpressEngine;
		};
/* End XCSwiftPackageProductDependency section */
	};
	rootObject = 8E318D6429D573D4001596F3 /* Project object */;
}
