// !$*UTF8*$!
{
	archiveVersion = 1;
	classes = {
	};
	objectVersion = 55;
	objects = {

/* Begin PBXBuildFile section */
		8645906F29DC00B5001B9CAD /* ZegoExpressEngine in Frameworks */ = {isa = PBXBuildFile; productRef = 8645906E29DC00B5001B9CAD /* ZegoExpressEngine */; };
		8645907229DC00C6001B9CAD /* ZIM in Frameworks */ = {isa = PBXBuildFile; productRef = 8645907129DC00C6001B9CAD /* ZIM */; };
		8645907529DC00CD001B9CAD /* Toast in Frameworks */ = {isa = PBXBuildFile; productRef = 8645907429DC00CD001B9CAD /* Toast */; };
		86E5039A29B9868A003E13A9 /* AppDelegate.swift in Sources */ = {isa = PBXBuildFile; fileRef = 86E5039929B9868A003E13A9 /* AppDelegate.swift */; };
		86E5039C29B9868A003E13A9 /* SceneDelegate.swift in Sources */ = {isa = PBXBuildFile; fileRef = 86E5039B29B9868A003E13A9 /* SceneDelegate.swift */; };
		86E5039E29B9868A003E13A9 /* ViewController.swift in Sources */ = {isa = PBXBuildFile; fileRef = 86E5039D29B9868A003E13A9 /* ViewController.swift */; };
		86E503A129B9868A003E13A9 /* Main.storyboard in Resources */ = {isa = PBXBuildFile; fileRef = 86E5039F29B9868A003E13A9 /* Main.storyboard */; };
		86E503A329B9868C003E13A9 /* Assets.xcassets in Resources */ = {isa = PBXBuildFile; fileRef = 86E503A229B9868C003E13A9 /* Assets.xcassets */; };
		86E503A629B9868C003E13A9 /* LaunchScreen.storyboard in Resources */ = {isa = PBXBuildFile; fileRef = 86E503A429B9868C003E13A9 /* LaunchScreen.storyboard */; };
		86E503B329B98C05003E13A9 /* ExpressService.swift in Sources */ = {isa = PBXBuildFile; fileRef = 86E503B229B98C05003E13A9 /* ExpressService.swift */; };
		86E503B529B98C21003E13A9 /* ZIMService.swift in Sources */ = {isa = PBXBuildFile; fileRef = 86E503B429B98C21003E13A9 /* ZIMService.swift */; };
		86E503B729B98C48003E13A9 /* ZegoSDKKeyCenter.swift in Sources */ = {isa = PBXBuildFile; fileRef = 86E503B629B98C48003E13A9 /* ZegoSDKKeyCenter.swift */; };
		86E503B929B98D06003E13A9 /* ZegoSDKManager.swift in Sources */ = {isa = PBXBuildFile; fileRef = 86E503B829B98D06003E13A9 /* ZegoSDKManager.swift */; };
		86E503BB29B98E7B003E13A9 /* ExpressService+Room.swift in Sources */ = {isa = PBXBuildFile; fileRef = 86E503BA29B98E7B003E13A9 /* ExpressService+Room.swift */; };
		86E503BD29B98EB3003E13A9 /* ExpressService+EventHandle.swift in Sources */ = {isa = PBXBuildFile; fileRef = 86E503BC29B98EB3003E13A9 /* ExpressService+EventHandle.swift */; };
		86E503BF29B99006003E13A9 /* ZegoParticipant.swift in Sources */ = {isa = PBXBuildFile; fileRef = 86E503BE29B99006003E13A9 /* ZegoParticipant.swift */; };
		86E503C129B991C9003E13A9 /* ExpressService+Device.swift in Sources */ = {isa = PBXBuildFile; fileRef = 86E503C029B991C9003E13A9 /* ExpressService+Device.swift */; };
		86E503C429B9B07C003E13A9 /* CallingViewController.swift in Sources */ = {isa = PBXBuildFile; fileRef = 86E503C229B9B07C003E13A9 /* CallingViewController.swift */; };
		86E503C529B9B07C003E13A9 /* CallingViewController.xib in Resources */ = {isa = PBXBuildFile; fileRef = 86E503C329B9B07C003E13A9 /* CallingViewController.xib */; };
		86E503CD29B9B6D9003E13A9 /* UserInfo.swift in Sources */ = {isa = PBXBuildFile; fileRef = 86E503CC29B9B6D9003E13A9 /* UserInfo.swift */; };
		86E503D129B9BB4C003E13A9 /* ZIMService+Call.swift in Sources */ = {isa = PBXBuildFile; fileRef = 86E503D029B9BB4C003E13A9 /* ZIMService+Call.swift */; };
		86E503D329B9BC50003E13A9 /* ZIMService+EventHandle.swift in Sources */ = {isa = PBXBuildFile; fileRef = 86E503D229B9BC50003E13A9 /* ZIMService+EventHandle.swift */; };
		86E5040C29BEFE9A003E13A9 /* CallWaitingViewController.swift in Sources */ = {isa = PBXBuildFile; fileRef = 86E5040A29BEFE9A003E13A9 /* CallWaitingViewController.swift */; };
		86E5040D29BEFE9A003E13A9 /* CallWaitingViewController.xib in Resources */ = {isa = PBXBuildFile; fileRef = 86E5040B29BEFE9A003E13A9 /* CallWaitingViewController.xib */; };
		86E5040F29BF0FFA003E13A9 /* ZegoSDKManager+Express.swift in Sources */ = {isa = PBXBuildFile; fileRef = 86E5040E29BF0FFA003E13A9 /* ZegoSDKManager+Express.swift */; };
		86E5041129BF1041003E13A9 /* ZegoSDKManager+ZIM.swift in Sources */ = {isa = PBXBuildFile; fileRef = 86E5041029BF1041003E13A9 /* ZegoSDKManager+ZIM.swift */; };
		86E5041329BF121A003E13A9 /* ZegoSDKManager+ExpressEventHandler.swift in Sources */ = {isa = PBXBuildFile; fileRef = 86E5041229BF121A003E13A9 /* ZegoSDKManager+ExpressEventHandler.swift */; };
		86E5041529BF1231003E13A9 /* ZegoSDKManager+ZIMEventHandler.swift in Sources */ = {isa = PBXBuildFile; fileRef = 86E5041429BF1231003E13A9 /* ZegoSDKManager+ZIMEventHandler.swift */; };
		86E5041729BF1425003E13A9 /* ZegoCallStateManager.swift in Sources */ = {isa = PBXBuildFile; fileRef = 86E5041629BF1425003E13A9 /* ZegoCallStateManager.swift */; };
		86E5041929BF1785003E13A9 /* ZegoCallDataModel.swift in Sources */ = {isa = PBXBuildFile; fileRef = 86E5041829BF1785003E13A9 /* ZegoCallDataModel.swift */; };
		86E5041C29BF1E2F003E13A9 /* String+ZegoConvert.swift in Sources */ = {isa = PBXBuildFile; fileRef = 86E5041B29BF1E2F003E13A9 /* String+ZegoConvert.swift */; };
		86E5041E29BF1E37003E13A9 /* Dictionary+ZegoConvert.swift in Sources */ = {isa = PBXBuildFile; fileRef = 86E5041D29BF1E37003E13A9 /* Dictionary+ZegoConvert.swift */; };
		86E5042029BF1E40003E13A9 /* Array+ZegoConvert.swift in Sources */ = {isa = PBXBuildFile; fileRef = 86E5041F29BF1E40003E13A9 /* Array+ZegoConvert.swift */; };
		86E5042229BF1E47003E13A9 /* UIColor+ZegoHex.swift in Sources */ = {isa = PBXBuildFile; fileRef = 86E5042129BF1E47003E13A9 /* UIColor+ZegoHex.swift */; };
		86E5042429BF1E4F003E13A9 /* UIView+ZegoLayout.swift in Sources */ = {isa = PBXBuildFile; fileRef = 86E5042329BF1E4F003E13A9 /* UIView+ZegoLayout.swift */; };
		86E5042629C0519A003E13A9 /* ExpressService+Stream.swift in Sources */ = {isa = PBXBuildFile; fileRef = 86E5042529C0519A003E13A9 /* ExpressService+Stream.swift */; };
		86E5042929C05C91003E13A9 /* ZegoIncomingCallDialog.xib in Resources */ = {isa = PBXBuildFile; fileRef = 86E5042729C05C91003E13A9 /* ZegoIncomingCallDialog.xib */; };
		86E5042A29C05C91003E13A9 /* ZegoIncomingCallDialog.swift in Sources */ = {isa = PBXBuildFile; fileRef = 86E5042829C05C91003E13A9 /* ZegoIncomingCallDialog.swift */; };
		86E5042C29C05F29003E13A9 /* ZegoDefine.swift in Sources */ = {isa = PBXBuildFile; fileRef = 86E5042B29C05F29003E13A9 /* ZegoDefine.swift */; };
/* End PBXBuildFile section */

/* Begin PBXFileReference section */
		86E5039629B9868A003E13A9 /* ZegoCallWithInvitationDemo.app */ = {isa = PBXFileReference; explicitFileType = wrapper.application; includeInIndex = 0; path = ZegoCallWithInvitationDemo.app; sourceTree = BUILT_PRODUCTS_DIR; };
		86E5039929B9868A003E13A9 /* AppDelegate.swift */ = {isa = PBXFileReference; lastKnownFileType = sourcecode.swift; path = AppDelegate.swift; sourceTree = "<group>"; };
		86E5039B29B9868A003E13A9 /* SceneDelegate.swift */ = {isa = PBXFileReference; lastKnownFileType = sourcecode.swift; path = SceneDelegate.swift; sourceTree = "<group>"; };
		86E5039D29B9868A003E13A9 /* ViewController.swift */ = {isa = PBXFileReference; lastKnownFileType = sourcecode.swift; path = ViewController.swift; sourceTree = "<group>"; };
		86E503A029B9868A003E13A9 /* Base */ = {isa = PBXFileReference; lastKnownFileType = file.storyboard; name = Base; path = Base.lproj/Main.storyboard; sourceTree = "<group>"; };
		86E503A229B9868C003E13A9 /* Assets.xcassets */ = {isa = PBXFileReference; lastKnownFileType = folder.assetcatalog; path = Assets.xcassets; sourceTree = "<group>"; };
		86E503A529B9868C003E13A9 /* Base */ = {isa = PBXFileReference; lastKnownFileType = file.storyboard; name = Base; path = Base.lproj/LaunchScreen.storyboard; sourceTree = "<group>"; };
		86E503A729B9868C003E13A9 /* Info.plist */ = {isa = PBXFileReference; lastKnownFileType = text.plist.xml; path = Info.plist; sourceTree = "<group>"; };
		86E503B229B98C05003E13A9 /* ExpressService.swift */ = {isa = PBXFileReference; lastKnownFileType = sourcecode.swift; path = ExpressService.swift; sourceTree = "<group>"; };
		86E503B429B98C21003E13A9 /* ZIMService.swift */ = {isa = PBXFileReference; lastKnownFileType = sourcecode.swift; path = ZIMService.swift; sourceTree = "<group>"; };
		86E503B629B98C48003E13A9 /* ZegoSDKKeyCenter.swift */ = {isa = PBXFileReference; lastKnownFileType = sourcecode.swift; path = ZegoSDKKeyCenter.swift; sourceTree = "<group>"; };
		86E503B829B98D06003E13A9 /* ZegoSDKManager.swift */ = {isa = PBXFileReference; lastKnownFileType = sourcecode.swift; path = ZegoSDKManager.swift; sourceTree = "<group>"; };
		86E503BA29B98E7B003E13A9 /* ExpressService+Room.swift */ = {isa = PBXFileReference; lastKnownFileType = sourcecode.swift; path = "ExpressService+Room.swift"; sourceTree = "<group>"; };
		86E503BC29B98EB3003E13A9 /* ExpressService+EventHandle.swift */ = {isa = PBXFileReference; lastKnownFileType = sourcecode.swift; path = "ExpressService+EventHandle.swift"; sourceTree = "<group>"; };
		86E503BE29B99006003E13A9 /* ZegoParticipant.swift */ = {isa = PBXFileReference; lastKnownFileType = sourcecode.swift; path = ZegoParticipant.swift; sourceTree = "<group>"; };
		86E503C029B991C9003E13A9 /* ExpressService+Device.swift */ = {isa = PBXFileReference; lastKnownFileType = sourcecode.swift; path = "ExpressService+Device.swift"; sourceTree = "<group>"; };
		86E503C229B9B07C003E13A9 /* CallingViewController.swift */ = {isa = PBXFileReference; lastKnownFileType = sourcecode.swift; path = CallingViewController.swift; sourceTree = "<group>"; };
		86E503C329B9B07C003E13A9 /* CallingViewController.xib */ = {isa = PBXFileReference; lastKnownFileType = file.xib; path = CallingViewController.xib; sourceTree = "<group>"; };
		86E503CC29B9B6D9003E13A9 /* UserInfo.swift */ = {isa = PBXFileReference; lastKnownFileType = sourcecode.swift; path = UserInfo.swift; sourceTree = "<group>"; };
		86E503D029B9BB4C003E13A9 /* ZIMService+Call.swift */ = {isa = PBXFileReference; lastKnownFileType = sourcecode.swift; path = "ZIMService+Call.swift"; sourceTree = "<group>"; };
		86E503D229B9BC50003E13A9 /* ZIMService+EventHandle.swift */ = {isa = PBXFileReference; lastKnownFileType = sourcecode.swift; path = "ZIMService+EventHandle.swift"; sourceTree = "<group>"; };
		86E5040A29BEFE9A003E13A9 /* CallWaitingViewController.swift */ = {isa = PBXFileReference; fileEncoding = 4; lastKnownFileType = sourcecode.swift; path = CallWaitingViewController.swift; sourceTree = "<group>"; };
		86E5040B29BEFE9A003E13A9 /* CallWaitingViewController.xib */ = {isa = PBXFileReference; fileEncoding = 4; lastKnownFileType = file.xib; path = CallWaitingViewController.xib; sourceTree = "<group>"; };
		86E5040E29BF0FFA003E13A9 /* ZegoSDKManager+Express.swift */ = {isa = PBXFileReference; lastKnownFileType = sourcecode.swift; path = "ZegoSDKManager+Express.swift"; sourceTree = "<group>"; };
		86E5041029BF1041003E13A9 /* ZegoSDKManager+ZIM.swift */ = {isa = PBXFileReference; lastKnownFileType = sourcecode.swift; path = "ZegoSDKManager+ZIM.swift"; sourceTree = "<group>"; };
		86E5041229BF121A003E13A9 /* ZegoSDKManager+ExpressEventHandler.swift */ = {isa = PBXFileReference; lastKnownFileType = sourcecode.swift; path = "ZegoSDKManager+ExpressEventHandler.swift"; sourceTree = "<group>"; };
		86E5041429BF1231003E13A9 /* ZegoSDKManager+ZIMEventHandler.swift */ = {isa = PBXFileReference; lastKnownFileType = sourcecode.swift; path = "ZegoSDKManager+ZIMEventHandler.swift"; sourceTree = "<group>"; };
		86E5041629BF1425003E13A9 /* ZegoCallStateManager.swift */ = {isa = PBXFileReference; lastKnownFileType = sourcecode.swift; path = ZegoCallStateManager.swift; sourceTree = "<group>"; };
		86E5041829BF1785003E13A9 /* ZegoCallDataModel.swift */ = {isa = PBXFileReference; lastKnownFileType = sourcecode.swift; path = ZegoCallDataModel.swift; sourceTree = "<group>"; };
		86E5041B29BF1E2F003E13A9 /* String+ZegoConvert.swift */ = {isa = PBXFileReference; fileEncoding = 4; lastKnownFileType = sourcecode.swift; path = "String+ZegoConvert.swift"; sourceTree = "<group>"; };
		86E5041D29BF1E37003E13A9 /* Dictionary+ZegoConvert.swift */ = {isa = PBXFileReference; fileEncoding = 4; lastKnownFileType = sourcecode.swift; path = "Dictionary+ZegoConvert.swift"; sourceTree = "<group>"; };
		86E5041F29BF1E40003E13A9 /* Array+ZegoConvert.swift */ = {isa = PBXFileReference; fileEncoding = 4; lastKnownFileType = sourcecode.swift; path = "Array+ZegoConvert.swift"; sourceTree = "<group>"; };
		86E5042129BF1E47003E13A9 /* UIColor+ZegoHex.swift */ = {isa = PBXFileReference; fileEncoding = 4; lastKnownFileType = sourcecode.swift; path = "UIColor+ZegoHex.swift"; sourceTree = "<group>"; };
		86E5042329BF1E4F003E13A9 /* UIView+ZegoLayout.swift */ = {isa = PBXFileReference; fileEncoding = 4; lastKnownFileType = sourcecode.swift; path = "UIView+ZegoLayout.swift"; sourceTree = "<group>"; };
		86E5042529C0519A003E13A9 /* ExpressService+Stream.swift */ = {isa = PBXFileReference; lastKnownFileType = sourcecode.swift; path = "ExpressService+Stream.swift"; sourceTree = "<group>"; };
		86E5042729C05C91003E13A9 /* ZegoIncomingCallDialog.xib */ = {isa = PBXFileReference; fileEncoding = 4; lastKnownFileType = file.xib; path = ZegoIncomingCallDialog.xib; sourceTree = "<group>"; };
		86E5042829C05C91003E13A9 /* ZegoIncomingCallDialog.swift */ = {isa = PBXFileReference; fileEncoding = 4; lastKnownFileType = sourcecode.swift; path = ZegoIncomingCallDialog.swift; sourceTree = "<group>"; };
		86E5042B29C05F29003E13A9 /* ZegoDefine.swift */ = {isa = PBXFileReference; lastKnownFileType = sourcecode.swift; path = ZegoDefine.swift; sourceTree = "<group>"; };
/* End PBXFileReference section */

/* Begin PBXFrameworksBuildPhase section */
		86E5039329B9868A003E13A9 /* Frameworks */ = {
			isa = PBXFrameworksBuildPhase;
			buildActionMask = 2147483647;
			files = (
				8645907529DC00CD001B9CAD /* Toast in Frameworks */,
				8645906F29DC00B5001B9CAD /* ZegoExpressEngine in Frameworks */,
				8645907229DC00C6001B9CAD /* ZIM in Frameworks */,
			);
			runOnlyForDeploymentPostprocessing = 0;
		};
/* End PBXFrameworksBuildPhase section */

/* Begin PBXGroup section */
		86E5038D29B9868A003E13A9 = {
			isa = PBXGroup;
			children = (
				86E5039829B9868A003E13A9 /* ZegoCallWithInvitationDemo */,
				86E5039729B9868A003E13A9 /* Products */,
				914B7940856AE9183DC2C741 /* Frameworks */,
			);
			sourceTree = "<group>";
		};
		86E5039729B9868A003E13A9 /* Products */ = {
			isa = PBXGroup;
			children = (
				86E5039629B9868A003E13A9 /* ZegoCallWithInvitationDemo.app */,
			);
			name = Products;
			sourceTree = "<group>";
		};
		86E5039829B9868A003E13A9 /* ZegoCallWithInvitationDemo */ = {
			isa = PBXGroup;
			children = (
				86E5041A29BF1E0F003E13A9 /* Extension */,
				86E503AF29B987BE003E13A9 /* Internal */,
				86E503AE29B987A7003E13A9 /* Components */,
				86E503AD29B9879F003E13A9 /* Call */,
				86E5039929B9868A003E13A9 /* AppDelegate.swift */,
				86E5039B29B9868A003E13A9 /* SceneDelegate.swift */,
				86E5039D29B9868A003E13A9 /* ViewController.swift */,
				86E503B629B98C48003E13A9 /* ZegoSDKKeyCenter.swift */,
				86E503B829B98D06003E13A9 /* ZegoSDKManager.swift */,
				86E5040E29BF0FFA003E13A9 /* ZegoSDKManager+Express.swift */,
				86E5041029BF1041003E13A9 /* ZegoSDKManager+ZIM.swift */,
				86E5041229BF121A003E13A9 /* ZegoSDKManager+ExpressEventHandler.swift */,
				86E5041429BF1231003E13A9 /* ZegoSDKManager+ZIMEventHandler.swift */,
				86E5041629BF1425003E13A9 /* ZegoCallStateManager.swift */,
				86E5041829BF1785003E13A9 /* ZegoCallDataModel.swift */,
				86E5042B29C05F29003E13A9 /* ZegoDefine.swift */,
				86E5039F29B9868A003E13A9 /* Main.storyboard */,
				86E503A229B9868C003E13A9 /* Assets.xcassets */,
				86E503A429B9868C003E13A9 /* LaunchScreen.storyboard */,
				86E503A729B9868C003E13A9 /* Info.plist */,
			);
			path = ZegoCallWithInvitationDemo;
			sourceTree = "<group>";
		};
		86E503AD29B9879F003E13A9 /* Call */ = {
			isa = PBXGroup;
			children = (
				86E503C229B9B07C003E13A9 /* CallingViewController.swift */,
				86E503C329B9B07C003E13A9 /* CallingViewController.xib */,
				86E5040A29BEFE9A003E13A9 /* CallWaitingViewController.swift */,
				86E5040B29BEFE9A003E13A9 /* CallWaitingViewController.xib */,
			);
			path = Call;
			sourceTree = "<group>";
		};
		86E503AE29B987A7003E13A9 /* Components */ = {
			isa = PBXGroup;
			children = (
				86E5042829C05C91003E13A9 /* ZegoIncomingCallDialog.swift */,
				86E5042729C05C91003E13A9 /* ZegoIncomingCallDialog.xib */,
			);
			path = Components;
			sourceTree = "<group>";
		};
		86E503AF29B987BE003E13A9 /* Internal */ = {
			isa = PBXGroup;
			children = (
				86E503B129B98BAA003E13A9 /* Express */,
				86E503B029B98B9B003E13A9 /* ZIM */,
			);
			path = Internal;
			sourceTree = "<group>";
		};
		86E503B029B98B9B003E13A9 /* ZIM */ = {
			isa = PBXGroup;
			children = (
				86E503B429B98C21003E13A9 /* ZIMService.swift */,
				86E503D229B9BC50003E13A9 /* ZIMService+EventHandle.swift */,
				86E503D029B9BB4C003E13A9 /* ZIMService+Call.swift */,
			);
			path = ZIM;
			sourceTree = "<group>";
		};
		86E503B129B98BAA003E13A9 /* Express */ = {
			isa = PBXGroup;
			children = (
				86E503B229B98C05003E13A9 /* ExpressService.swift */,
				86E503BC29B98EB3003E13A9 /* ExpressService+EventHandle.swift */,
				86E503BA29B98E7B003E13A9 /* ExpressService+Room.swift */,
				86E5042529C0519A003E13A9 /* ExpressService+Stream.swift */,
				86E503C029B991C9003E13A9 /* ExpressService+Device.swift */,
				86E503BE29B99006003E13A9 /* ZegoParticipant.swift */,
				86E503CC29B9B6D9003E13A9 /* UserInfo.swift */,
			);
			path = Express;
			sourceTree = "<group>";
		};
		86E5041A29BF1E0F003E13A9 /* Extension */ = {
			isa = PBXGroup;
			children = (
				86E5042329BF1E4F003E13A9 /* UIView+ZegoLayout.swift */,
				86E5042129BF1E47003E13A9 /* UIColor+ZegoHex.swift */,
				86E5041F29BF1E40003E13A9 /* Array+ZegoConvert.swift */,
				86E5041D29BF1E37003E13A9 /* Dictionary+ZegoConvert.swift */,
				86E5041B29BF1E2F003E13A9 /* String+ZegoConvert.swift */,
			);
			path = Extension;
			sourceTree = "<group>";
		};
		914B7940856AE9183DC2C741 /* Frameworks */ = {
			isa = PBXGroup;
			children = (
			);
			name = Frameworks;
			sourceTree = "<group>";
		};
/* End PBXGroup section */

/* Begin PBXNativeTarget section */
		86E5039529B9868A003E13A9 /* ZegoCallWithInvitationDemo */ = {
			isa = PBXNativeTarget;
			buildConfigurationList = 86E503AA29B9868C003E13A9 /* Build configuration list for PBXNativeTarget "ZegoCallWithInvitationDemo" */;
			buildPhases = (
				86E5039229B9868A003E13A9 /* Sources */,
				86E5039329B9868A003E13A9 /* Frameworks */,
				86E5039429B9868A003E13A9 /* Resources */,
			);
			buildRules = (
			);
			dependencies = (
			);
			name = ZegoCallWithInvitationDemo;
			packageProductDependencies = (
				8645906E29DC00B5001B9CAD /* ZegoExpressEngine */,
				8645907129DC00C6001B9CAD /* ZIM */,
				8645907429DC00CD001B9CAD /* Toast */,
			);
			productName = ZegoCallWithInvitationDemo;
			productReference = 86E5039629B9868A003E13A9 /* ZegoCallWithInvitationDemo.app */;
			productType = "com.apple.product-type.application";
		};
/* End PBXNativeTarget section */

/* Begin PBXProject section */
		86E5038E29B9868A003E13A9 /* Project object */ = {
			isa = PBXProject;
			attributes = {
				BuildIndependentTargetsInParallel = 1;
				LastSwiftUpdateCheck = 1420;
				LastUpgradeCheck = 1420;
				TargetAttributes = {
					86E5039529B9868A003E13A9 = {
						CreatedOnToolsVersion = 14.2;
					};
				};
			};
			buildConfigurationList = 86E5039129B9868A003E13A9 /* Build configuration list for PBXProject "ZegoCallWithInvitationDemo" */;
			compatibilityVersion = "Xcode 13.0";
			developmentRegion = en;
			hasScannedForEncodings = 0;
			knownRegions = (
				en,
				Base,
			);
			mainGroup = 86E5038D29B9868A003E13A9;
			packageReferences = (
				8645906D29DC00B5001B9CAD /* XCRemoteSwiftPackageReference "express-video-ios" */,
				8645907029DC00C6001B9CAD /* XCRemoteSwiftPackageReference "zim-ios" */,
				8645907329DC00CD001B9CAD /* XCRemoteSwiftPackageReference "Toast-Swift" */,
			);
			productRefGroup = 86E5039729B9868A003E13A9 /* Products */;
			projectDirPath = "";
			projectRoot = "";
			targets = (
				86E5039529B9868A003E13A9 /* ZegoCallWithInvitationDemo */,
			);
		};
/* End PBXProject section */

/* Begin PBXResourcesBuildPhase section */
		86E5039429B9868A003E13A9 /* Resources */ = {
			isa = PBXResourcesBuildPhase;
			buildActionMask = 2147483647;
			files = (
				86E503A629B9868C003E13A9 /* LaunchScreen.storyboard in Resources */,
				86E5042929C05C91003E13A9 /* ZegoIncomingCallDialog.xib in Resources */,
				86E5040D29BEFE9A003E13A9 /* CallWaitingViewController.xib in Resources */,
				86E503A329B9868C003E13A9 /* Assets.xcassets in Resources */,
				86E503A129B9868A003E13A9 /* Main.storyboard in Resources */,
				86E503C529B9B07C003E13A9 /* CallingViewController.xib in Resources */,
			);
			runOnlyForDeploymentPostprocessing = 0;
		};
/* End PBXResourcesBuildPhase section */

/* Begin PBXSourcesBuildPhase section */
		86E5039229B9868A003E13A9 /* Sources */ = {
			isa = PBXSourcesBuildPhase;
			buildActionMask = 2147483647;
			files = (
				86E503BF29B99006003E13A9 /* ZegoParticipant.swift in Sources */,
				86E5040F29BF0FFA003E13A9 /* ZegoSDKManager+Express.swift in Sources */,
				86E503B929B98D06003E13A9 /* ZegoSDKManager.swift in Sources */,
				86E503C129B991C9003E13A9 /* ExpressService+Device.swift in Sources */,
				86E503C429B9B07C003E13A9 /* CallingViewController.swift in Sources */,
				86E5042629C0519A003E13A9 /* ExpressService+Stream.swift in Sources */,
				86E5039E29B9868A003E13A9 /* ViewController.swift in Sources */,
				86E5041329BF121A003E13A9 /* ZegoSDKManager+ExpressEventHandler.swift in Sources */,
				86E5042229BF1E47003E13A9 /* UIColor+ZegoHex.swift in Sources */,
				86E5042A29C05C91003E13A9 /* ZegoIncomingCallDialog.swift in Sources */,
				86E5039A29B9868A003E13A9 /* AppDelegate.swift in Sources */,
				86E5042429BF1E4F003E13A9 /* UIView+ZegoLayout.swift in Sources */,
				86E5042029BF1E40003E13A9 /* Array+ZegoConvert.swift in Sources */,
				86E503B529B98C21003E13A9 /* ZIMService.swift in Sources */,
				86E5041E29BF1E37003E13A9 /* Dictionary+ZegoConvert.swift in Sources */,
				86E503CD29B9B6D9003E13A9 /* UserInfo.swift in Sources */,
				86E5041529BF1231003E13A9 /* ZegoSDKManager+ZIMEventHandler.swift in Sources */,
				86E5040C29BEFE9A003E13A9 /* CallWaitingViewController.swift in Sources */,
				86E503B329B98C05003E13A9 /* ExpressService.swift in Sources */,
				86E5041729BF1425003E13A9 /* ZegoCallStateManager.swift in Sources */,
				86E503B729B98C48003E13A9 /* ZegoSDKKeyCenter.swift in Sources */,
				86E5041C29BF1E2F003E13A9 /* String+ZegoConvert.swift in Sources */,
				86E503BD29B98EB3003E13A9 /* ExpressService+EventHandle.swift in Sources */,
				86E5041929BF1785003E13A9 /* ZegoCallDataModel.swift in Sources */,
				86E503D329B9BC50003E13A9 /* ZIMService+EventHandle.swift in Sources */,
				86E5041129BF1041003E13A9 /* ZegoSDKManager+ZIM.swift in Sources */,
				86E5039C29B9868A003E13A9 /* SceneDelegate.swift in Sources */,
				86E503BB29B98E7B003E13A9 /* ExpressService+Room.swift in Sources */,
				86E5042C29C05F29003E13A9 /* ZegoDefine.swift in Sources */,
				86E503D129B9BB4C003E13A9 /* ZIMService+Call.swift in Sources */,
			);
			runOnlyForDeploymentPostprocessing = 0;
		};
/* End PBXSourcesBuildPhase section */

/* Begin PBXVariantGroup section */
		86E5039F29B9868A003E13A9 /* Main.storyboard */ = {
			isa = PBXVariantGroup;
			children = (
				86E503A029B9868A003E13A9 /* Base */,
			);
			name = Main.storyboard;
			sourceTree = "<group>";
		};
		86E503A429B9868C003E13A9 /* LaunchScreen.storyboard */ = {
			isa = PBXVariantGroup;
			children = (
				86E503A529B9868C003E13A9 /* Base */,
			);
			name = LaunchScreen.storyboard;
			sourceTree = "<group>";
		};
/* End PBXVariantGroup section */

/* Begin XCBuildConfiguration section */
		86E503A829B9868C003E13A9 /* Debug */ = {
			isa = XCBuildConfiguration;
			buildSettings = {
				ALWAYS_SEARCH_USER_PATHS = NO;
				CLANG_ANALYZER_NONNULL = YES;
				CLANG_ANALYZER_NUMBER_OBJECT_CONVERSION = YES_AGGRESSIVE;
				CLANG_CXX_LANGUAGE_STANDARD = "gnu++20";
				CLANG_ENABLE_MODULES = YES;
				CLANG_ENABLE_OBJC_ARC = YES;
				CLANG_ENABLE_OBJC_WEAK = YES;
				CLANG_WARN_BLOCK_CAPTURE_AUTORELEASING = YES;
				CLANG_WARN_BOOL_CONVERSION = YES;
				CLANG_WARN_COMMA = YES;
				CLANG_WARN_CONSTANT_CONVERSION = YES;
				CLANG_WARN_DEPRECATED_OBJC_IMPLEMENTATIONS = YES;
				CLANG_WARN_DIRECT_OBJC_ISA_USAGE = YES_ERROR;
				CLANG_WARN_DOCUMENTATION_COMMENTS = YES;
				CLANG_WARN_EMPTY_BODY = YES;
				CLANG_WARN_ENUM_CONVERSION = YES;
				CLANG_WARN_INFINITE_RECURSION = YES;
				CLANG_WARN_INT_CONVERSION = YES;
				CLANG_WARN_NON_LITERAL_NULL_CONVERSION = YES;
				CLANG_WARN_OBJC_IMPLICIT_RETAIN_SELF = YES;
				CLANG_WARN_OBJC_LITERAL_CONVERSION = YES;
				CLANG_WARN_OBJC_ROOT_CLASS = YES_ERROR;
				CLANG_WARN_QUOTED_INCLUDE_IN_FRAMEWORK_HEADER = YES;
				CLANG_WARN_RANGE_LOOP_ANALYSIS = YES;
				CLANG_WARN_STRICT_PROTOTYPES = YES;
				CLANG_WARN_SUSPICIOUS_MOVE = YES;
				CLANG_WARN_UNGUARDED_AVAILABILITY = YES_AGGRESSIVE;
				CLANG_WARN_UNREACHABLE_CODE = YES;
				CLANG_WARN__DUPLICATE_METHOD_MATCH = YES;
				COPY_PHASE_STRIP = NO;
				DEBUG_INFORMATION_FORMAT = dwarf;
				ENABLE_STRICT_OBJC_MSGSEND = YES;
				ENABLE_TESTABILITY = YES;
				GCC_C_LANGUAGE_STANDARD = gnu11;
				GCC_DYNAMIC_NO_PIC = NO;
				GCC_NO_COMMON_BLOCKS = YES;
				GCC_OPTIMIZATION_LEVEL = 0;
				GCC_PREPROCESSOR_DEFINITIONS = (
					"DEBUG=1",
					"$(inherited)",
				);
				GCC_WARN_64_TO_32_BIT_CONVERSION = YES;
				GCC_WARN_ABOUT_RETURN_TYPE = YES_ERROR;
				GCC_WARN_UNDECLARED_SELECTOR = YES;
				GCC_WARN_UNINITIALIZED_AUTOS = YES_AGGRESSIVE;
				GCC_WARN_UNUSED_FUNCTION = YES;
				GCC_WARN_UNUSED_VARIABLE = YES;
				IPHONEOS_DEPLOYMENT_TARGET = 16.2;
				MTL_ENABLE_DEBUG_INFO = INCLUDE_SOURCE;
				MTL_FAST_MATH = YES;
				ONLY_ACTIVE_ARCH = YES;
				SDKROOT = iphoneos;
				SWIFT_ACTIVE_COMPILATION_CONDITIONS = DEBUG;
				SWIFT_OPTIMIZATION_LEVEL = "-Onone";
			};
			name = Debug;
		};
		86E503A929B9868C003E13A9 /* Release */ = {
			isa = XCBuildConfiguration;
			buildSettings = {
				ALWAYS_SEARCH_USER_PATHS = NO;
				CLANG_ANALYZER_NONNULL = YES;
				CLANG_ANALYZER_NUMBER_OBJECT_CONVERSION = YES_AGGRESSIVE;
				CLANG_CXX_LANGUAGE_STANDARD = "gnu++20";
				CLANG_ENABLE_MODULES = YES;
				CLANG_ENABLE_OBJC_ARC = YES;
				CLANG_ENABLE_OBJC_WEAK = YES;
				CLANG_WARN_BLOCK_CAPTURE_AUTORELEASING = YES;
				CLANG_WARN_BOOL_CONVERSION = YES;
				CLANG_WARN_COMMA = YES;
				CLANG_WARN_CONSTANT_CONVERSION = YES;
				CLANG_WARN_DEPRECATED_OBJC_IMPLEMENTATIONS = YES;
				CLANG_WARN_DIRECT_OBJC_ISA_USAGE = YES_ERROR;
				CLANG_WARN_DOCUMENTATION_COMMENTS = YES;
				CLANG_WARN_EMPTY_BODY = YES;
				CLANG_WARN_ENUM_CONVERSION = YES;
				CLANG_WARN_INFINITE_RECURSION = YES;
				CLANG_WARN_INT_CONVERSION = YES;
				CLANG_WARN_NON_LITERAL_NULL_CONVERSION = YES;
				CLANG_WARN_OBJC_IMPLICIT_RETAIN_SELF = YES;
				CLANG_WARN_OBJC_LITERAL_CONVERSION = YES;
				CLANG_WARN_OBJC_ROOT_CLASS = YES_ERROR;
				CLANG_WARN_QUOTED_INCLUDE_IN_FRAMEWORK_HEADER = YES;
				CLANG_WARN_RANGE_LOOP_ANALYSIS = YES;
				CLANG_WARN_STRICT_PROTOTYPES = YES;
				CLANG_WARN_SUSPICIOUS_MOVE = YES;
				CLANG_WARN_UNGUARDED_AVAILABILITY = YES_AGGRESSIVE;
				CLANG_WARN_UNREACHABLE_CODE = YES;
				CLANG_WARN__DUPLICATE_METHOD_MATCH = YES;
				COPY_PHASE_STRIP = NO;
				DEBUG_INFORMATION_FORMAT = "dwarf-with-dsym";
				ENABLE_NS_ASSERTIONS = NO;
				ENABLE_STRICT_OBJC_MSGSEND = YES;
				GCC_C_LANGUAGE_STANDARD = gnu11;
				GCC_NO_COMMON_BLOCKS = YES;
				GCC_WARN_64_TO_32_BIT_CONVERSION = YES;
				GCC_WARN_ABOUT_RETURN_TYPE = YES_ERROR;
				GCC_WARN_UNDECLARED_SELECTOR = YES;
				GCC_WARN_UNINITIALIZED_AUTOS = YES_AGGRESSIVE;
				GCC_WARN_UNUSED_FUNCTION = YES;
				GCC_WARN_UNUSED_VARIABLE = YES;
				IPHONEOS_DEPLOYMENT_TARGET = 16.2;
				MTL_ENABLE_DEBUG_INFO = NO;
				MTL_FAST_MATH = YES;
				SDKROOT = iphoneos;
				SWIFT_COMPILATION_MODE = wholemodule;
				SWIFT_OPTIMIZATION_LEVEL = "-O";
				VALIDATE_PRODUCT = YES;
			};
			name = Release;
		};
		86E503AB29B9868C003E13A9 /* Debug */ = {
			isa = XCBuildConfiguration;
			buildSettings = {
				ASSETCATALOG_COMPILER_APPICON_NAME = AppIcon;
				ASSETCATALOG_COMPILER_GLOBAL_ACCENT_COLOR_NAME = AccentColor;
				CODE_SIGN_STYLE = Automatic;
				CURRENT_PROJECT_VERSION = 1;
				DEVELOPMENT_TEAM = B82BHJ5H89;
				GENERATE_INFOPLIST_FILE = YES;
				INFOPLIST_FILE = ZegoCallWithInvitationDemo/Info.plist;
				INFOPLIST_KEY_NSCameraUsageDescription = "We require camera access to
connect to a call.
";
				INFOPLIST_KEY_NSMicrophoneUsageDescription = "We need to use your mic to help you join the call.";
				INFOPLIST_KEY_UIApplicationSupportsIndirectInputEvents = YES;
				INFOPLIST_KEY_UILaunchStoryboardName = LaunchScreen;
				INFOPLIST_KEY_UIMainStoryboardFile = Main;
				INFOPLIST_KEY_UISupportedInterfaceOrientations_iPad = "UIInterfaceOrientationPortrait UIInterfaceOrientationPortraitUpsideDown UIInterfaceOrientationLandscapeLeft UIInterfaceOrientationLandscapeRight";
				INFOPLIST_KEY_UISupportedInterfaceOrientations_iPhone = "UIInterfaceOrientationPortrait UIInterfaceOrientationLandscapeLeft UIInterfaceOrientationLandscapeRight";
				IPHONEOS_DEPLOYMENT_TARGET = 13.0;
				LD_RUNPATH_SEARCH_PATHS = (
					"$(inherited)",
					"@executable_path/Frameworks",
				);
				MARKETING_VERSION = 1.0;
				PRODUCT_BUNDLE_IDENTIFIER = com.zegocloud.callwithinvitation.ZegoCallWithInvitationDemo;
				PRODUCT_NAME = "$(TARGET_NAME)";
				SWIFT_EMIT_LOC_STRINGS = YES;
				SWIFT_VERSION = 5.0;
				TARGETED_DEVICE_FAMILY = "1,2";
			};
			name = Debug;
		};
		86E503AC29B9868C003E13A9 /* Release */ = {
			isa = XCBuildConfiguration;
			buildSettings = {
				ASSETCATALOG_COMPILER_APPICON_NAME = AppIcon;
				ASSETCATALOG_COMPILER_GLOBAL_ACCENT_COLOR_NAME = AccentColor;
				CODE_SIGN_STYLE = Automatic;
				CURRENT_PROJECT_VERSION = 1;
				DEVELOPMENT_TEAM = B82BHJ5H89;
				GENERATE_INFOPLIST_FILE = YES;
				INFOPLIST_FILE = ZegoCallWithInvitationDemo/Info.plist;
				INFOPLIST_KEY_NSCameraUsageDescription = "We require camera access to
connect to a call.
";
				INFOPLIST_KEY_NSMicrophoneUsageDescription = "We need to use your mic to help you join the call.";
				INFOPLIST_KEY_UIApplicationSupportsIndirectInputEvents = YES;
				INFOPLIST_KEY_UILaunchStoryboardName = LaunchScreen;
				INFOPLIST_KEY_UIMainStoryboardFile = Main;
				INFOPLIST_KEY_UISupportedInterfaceOrientations_iPad = "UIInterfaceOrientationPortrait UIInterfaceOrientationPortraitUpsideDown UIInterfaceOrientationLandscapeLeft UIInterfaceOrientationLandscapeRight";
				INFOPLIST_KEY_UISupportedInterfaceOrientations_iPhone = "UIInterfaceOrientationPortrait UIInterfaceOrientationLandscapeLeft UIInterfaceOrientationLandscapeRight";
				IPHONEOS_DEPLOYMENT_TARGET = 13.0;
				LD_RUNPATH_SEARCH_PATHS = (
					"$(inherited)",
					"@executable_path/Frameworks",
				);
				MARKETING_VERSION = 1.0;
				PRODUCT_BUNDLE_IDENTIFIER = com.zegocloud.callwithinvitation.ZegoCallWithInvitationDemo;
				PRODUCT_NAME = "$(TARGET_NAME)";
				SWIFT_EMIT_LOC_STRINGS = YES;
				SWIFT_VERSION = 5.0;
				TARGETED_DEVICE_FAMILY = "1,2";
			};
			name = Release;
		};
/* End XCBuildConfiguration section */

/* Begin XCConfigurationList section */
		86E5039129B9868A003E13A9 /* Build configuration list for PBXProject "ZegoCallWithInvitationDemo" */ = {
			isa = XCConfigurationList;
			buildConfigurations = (
				86E503A829B9868C003E13A9 /* Debug */,
				86E503A929B9868C003E13A9 /* Release */,
			);
			defaultConfigurationIsVisible = 0;
			defaultConfigurationName = Release;
		};
		86E503AA29B9868C003E13A9 /* Build configuration list for PBXNativeTarget "ZegoCallWithInvitationDemo" */ = {
			isa = XCConfigurationList;
			buildConfigurations = (
				86E503AB29B9868C003E13A9 /* Debug */,
				86E503AC29B9868C003E13A9 /* Release */,
			);
			defaultConfigurationIsVisible = 0;
			defaultConfigurationName = Release;
		};
/* End XCConfigurationList section */

/* Begin XCRemoteSwiftPackageReference section */
		8645906D29DC00B5001B9CAD /* XCRemoteSwiftPackageReference "express-video-ios" */ = {
			isa = XCRemoteSwiftPackageReference;
			repositoryURL = "https://github.com/zegolibrary/express-video-ios";
			requirement = {
				kind = upToNextMajorVersion;
				minimumVersion = 3.0.0;
			};
		};
		8645907029DC00C6001B9CAD /* XCRemoteSwiftPackageReference "zim-ios" */ = {
			isa = XCRemoteSwiftPackageReference;
			repositoryURL = "https://github.com/zegolibrary/zim-ios";
			requirement = {
				kind = upToNextMajorVersion;
				minimumVersion = 2.0.0;
			};
		};
		8645907329DC00CD001B9CAD /* XCRemoteSwiftPackageReference "Toast-Swift" */ = {
			isa = XCRemoteSwiftPackageReference;
			repositoryURL = "https://github.com/scalessec/Toast-Swift.git";
			requirement = {
				kind = upToNextMajorVersion;
				minimumVersion = 5.0.0;
			};
		};
/* End XCRemoteSwiftPackageReference section */

/* Begin XCSwiftPackageProductDependency section */
		8645906E29DC00B5001B9CAD /* ZegoExpressEngine */ = {
			isa = XCSwiftPackageProductDependency;
			package = 8645906D29DC00B5001B9CAD /* XCRemoteSwiftPackageReference "express-video-ios" */;
			productName = ZegoExpressEngine;
		};
		8645907129DC00C6001B9CAD /* ZIM */ = {
			isa = XCSwiftPackageProductDependency;
			package = 8645907029DC00C6001B9CAD /* XCRemoteSwiftPackageReference "zim-ios" */;
			productName = ZIM;
		};
		8645907429DC00CD001B9CAD /* Toast */ = {
			isa = XCSwiftPackageProductDependency;
			package = 8645907329DC00CD001B9CAD /* XCRemoteSwiftPackageReference "Toast-Swift" */;
			productName = Toast;
		};
/* End XCSwiftPackageProductDependency section */
	};
	rootObject = 86E5038E29B9868A003E13A9 /* Project object */;
}
